
Microsoft Visual Studio Solution File, Format Version 12.00
# Visual Studio Version 16
VisualStudioVersion = 16.0.31205.134
MinimumVisualStudioVersion = 10.0.40219.1
Project("{9A19103F-16F7-4668-BE54-9A1E7A4F7556}") = "PublicWebSiteGateway.Host", "PublicWebSiteGateway.Host.csproj", "{04B9227F-9962-4ABC-AA3D-E57595694F0A}"
EndProject
Project("{9A19103F-16F7-4668-BE54-9A1E7A4F7556}") = "Ocelot.Provider.Consul", "..\Ocelot.Provider.Consul\Ocelot.Provider.Consul.csproj", "{4CB8D21E-BA25-4A4C-A661-5860397C69FB}"
EndProject
Project("{9A19103F-16F7-4668-BE54-9A1E7A4F7556}") = "MicroService.Shared", "..\..\MicroService.Shared\MicroService.Shared.csproj", "{A9E3B342-2D60-4D3E-9DAF-4308090A1A33}"
EndProject
Global
	GlobalSection(SolutionConfigurationPlatforms) = preSolution
		Debug|Any CPU = Debug|Any CPU
		Release|Any CPU = Release|Any CPU
	EndGlobalSection
	GlobalSection(ProjectConfigurationPlatforms) = postSolution
		{04B9227F-9962-4ABC-AA3D-E57595694F0A}.Debug|Any CPU.ActiveCfg = Debug|Any CPU
		{04B9227F-9962-4ABC-AA3D-E57595694F0A}.Debug|Any CPU.Build.0 = Debug|Any CPU
		{04B9227F-9962-4ABC-AA3D-E57595694F0A}.Release|Any CPU.ActiveCfg = Release|Any CPU
		{04B9227F-9962-4ABC-AA3D-E57595694F0A}.Release|Any CPU.Build.0 = Release|Any CPU
		{4CB8D21E-BA25-4A4C-A661-5860397C69FB}.Debug|Any CPU.ActiveCfg = Debug|Any CPU
		{4CB8D21E-BA25-4A4C-A661-5860397C69FB}.Debug|Any CPU.Build.0 = Debug|Any CPU
		{4CB8D21E-BA25-4A4C-A661-5860397C69FB}.Release|Any CPU.ActiveCfg = Release|Any CPU
		{4CB8D21E-BA25-4A4C-A661-5860397C69FB}.Release|Any CPU.Build.0 = Release|Any CPU
		{A9E3B342-2D60-4D3E-9DAF-4308090A1A33}.Debug|Any CPU.ActiveCfg = Debug|Any CPU
		{A9E3B342-2D60-4D3E-9DAF-4308090A1A33}.Debug|Any CPU.Build.0 = Debug|Any CPU
		{A9E3B342-2D60-4D3E-9DAF-4308090A1A33}.Release|Any CPU.ActiveCfg = Release|Any CPU
		{A9E3B342-2D60-4D3E-9DAF-4308090A1A33}.Release|Any CPU.Build.0 = Release|Any CPU
	EndGlobalSection
	GlobalSection(SolutionProperties) = preSolution
		HideSolutionNode = FALSE
	EndGlobalSection
	GlobalSection(ExtensibilityGlobals) = postSolution
		SolutionGuid = {90AF2DC3-DFF0-410C-97B9-32BA44D85A4F}
	EndGlobalSection
EndGlobal
