
Microsoft Visual Studio Solution File, Format Version 12.00
# Visual Studio Version 16
VisualStudioVersion = 16.0.31205.134
MinimumVisualStudioVersion = 10.0.40219.1
Project("{9A19103F-16F7-4668-BE54-9A1E7A4F7556}") = "TestService.Domain.Shared", "TestService.Domain.Shared\TestService.Domain.Shared.csproj", "{A33E5E41-8CCC-4F34-8BAB-EE827B29918F}"
EndProject
Project("{9A19103F-16F7-4668-BE54-9A1E7A4F7556}") = "TestService.Domain", "TestService.Domain\TestService.Domain.csproj", "{8E9EA634-7B17-42A8-9CA5-B3D75E7D153A}"
EndProject
Project("{9A19103F-16F7-4668-BE54-9A1E7A4F7556}") = "TestService.Application.Contracts", "TestService.Application.Contracts\TestService.Application.Contracts.csproj", "{01F924AD-093C-47EA-902E-75D627B730F2}"
EndProject
Project("{9A19103F-16F7-4668-BE54-9A1E7A4F7556}") = "TestService.Application", "TestService.Application\TestService.Application.csproj", "{E45FF7FB-C3BB-4DC5-9CBF-AB917BD5976B}"
EndProject
Project("{9A19103F-16F7-4668-BE54-9A1E7A4F7556}") = "TestService.EntityFrameworkCore", "TestService.EntityFrameworkCore\TestService.EntityFrameworkCore.csproj", "{D95D0782-3013-4383-9D88-55BEC4F0D5C0}"
EndProject
Project("{9A19103F-16F7-4668-BE54-9A1E7A4F7556}") = "TestService.HttpApi", "TestService.HttpApi\TestService.HttpApi.csproj", "{EE03F6AA-EC7B-4475-B8F6-69A1BC55BCBF}"
EndProject
Project("{9A19103F-16F7-4668-BE54-9A1E7A4F7556}") = "TestService.HttpApi.Client", "TestService.HttpApi.Client\TestService.HttpApi.Client.csproj", "{0315FBC9-7E66-4064-ABFF-6E9959FF6E0B}"
EndProject
Project("{9A19103F-16F7-4668-BE54-9A1E7A4F7556}") = "TestService.Host", "TestService.Host\TestService.Host.csproj", "{3E98E731-8EB5-41D6-8A22-C2FC900D4C77}"
EndProject
Project("{9A19103F-16F7-4668-BE54-9A1E7A4F7556}") = "MicroService.Shared", "..\..\MicroService.Shared\MicroService.Shared.csproj", "{171F0380-69FC-45FD-8998-F32637C40F2B}"
EndProject
Project("{FAE04EC0-301F-11D3-BF4B-00C04F79EFBC}") = "MicroService.Extensions", "..\..\MicroService.Extensions\MicroService.Extensions.csproj", "{ABCC714B-D10C-404D-AE8A-0573D4DFD400}"
EndProject
Global
	GlobalSection(SolutionConfigurationPlatforms) = preSolution
		Debug|Any CPU = Debug|Any CPU
		Release|Any CPU = Release|Any CPU
	EndGlobalSection
	GlobalSection(ProjectConfigurationPlatforms) = postSolution
		{A33E5E41-8CCC-4F34-8BAB-EE827B29918F}.Debug|Any CPU.ActiveCfg = Debug|Any CPU
		{A33E5E41-8CCC-4F34-8BAB-EE827B29918F}.Debug|Any CPU.Build.0 = Debug|Any CPU
		{A33E5E41-8CCC-4F34-8BAB-EE827B29918F}.Release|Any CPU.ActiveCfg = Release|Any CPU
		{A33E5E41-8CCC-4F34-8BAB-EE827B29918F}.Release|Any CPU.Build.0 = Release|Any CPU
		{8E9EA634-7B17-42A8-9CA5-B3D75E7D153A}.Debug|Any CPU.ActiveCfg = Debug|Any CPU
		{8E9EA634-7B17-42A8-9CA5-B3D75E7D153A}.Debug|Any CPU.Build.0 = Debug|Any CPU
		{8E9EA634-7B17-42A8-9CA5-B3D75E7D153A}.Release|Any CPU.ActiveCfg = Release|Any CPU
		{8E9EA634-7B17-42A8-9CA5-B3D75E7D153A}.Release|Any CPU.Build.0 = Release|Any CPU
		{01F924AD-093C-47EA-902E-75D627B730F2}.Debug|Any CPU.ActiveCfg = Debug|Any CPU
		{01F924AD-093C-47EA-902E-75D627B730F2}.Debug|Any CPU.Build.0 = Debug|Any CPU
		{01F924AD-093C-47EA-902E-75D627B730F2}.Release|Any CPU.ActiveCfg = Release|Any CPU
		{01F924AD-093C-47EA-902E-75D627B730F2}.Release|Any CPU.Build.0 = Release|Any CPU
		{E45FF7FB-C3BB-4DC5-9CBF-AB917BD5976B}.Debug|Any CPU.ActiveCfg = Debug|Any CPU
		{E45FF7FB-C3BB-4DC5-9CBF-AB917BD5976B}.Debug|Any CPU.Build.0 = Debug|Any CPU
		{E45FF7FB-C3BB-4DC5-9CBF-AB917BD5976B}.Release|Any CPU.ActiveCfg = Release|Any CPU
		{E45FF7FB-C3BB-4DC5-9CBF-AB917BD5976B}.Release|Any CPU.Build.0 = Release|Any CPU
		{D95D0782-3013-4383-9D88-55BEC4F0D5C0}.Debug|Any CPU.ActiveCfg = Debug|Any CPU
		{D95D0782-3013-4383-9D88-55BEC4F0D5C0}.Debug|Any CPU.Build.0 = Debug|Any CPU
		{D95D0782-3013-4383-9D88-55BEC4F0D5C0}.Release|Any CPU.ActiveCfg = Release|Any CPU
		{D95D0782-3013-4383-9D88-55BEC4F0D5C0}.Release|Any CPU.Build.0 = Release|Any CPU
		{EE03F6AA-EC7B-4475-B8F6-69A1BC55BCBF}.Debug|Any CPU.ActiveCfg = Debug|Any CPU
		{EE03F6AA-EC7B-4475-B8F6-69A1BC55BCBF}.Debug|Any CPU.Build.0 = Debug|Any CPU
		{EE03F6AA-EC7B-4475-B8F6-69A1BC55BCBF}.Release|Any CPU.ActiveCfg = Release|Any CPU
		{EE03F6AA-EC7B-4475-B8F6-69A1BC55BCBF}.Release|Any CPU.Build.0 = Release|Any CPU
		{0315FBC9-7E66-4064-ABFF-6E9959FF6E0B}.Debug|Any CPU.ActiveCfg = Debug|Any CPU
		{0315FBC9-7E66-4064-ABFF-6E9959FF6E0B}.Debug|Any CPU.Build.0 = Debug|Any CPU
		{0315FBC9-7E66-4064-ABFF-6E9959FF6E0B}.Release|Any CPU.ActiveCfg = Release|Any CPU
		{0315FBC9-7E66-4064-ABFF-6E9959FF6E0B}.Release|Any CPU.Build.0 = Release|Any CPU
		{3E98E731-8EB5-41D6-8A22-C2FC900D4C77}.Debug|Any CPU.ActiveCfg = Debug|Any CPU
		{3E98E731-8EB5-41D6-8A22-C2FC900D4C77}.Debug|Any CPU.Build.0 = Debug|Any CPU
		{3E98E731-8EB5-41D6-8A22-C2FC900D4C77}.Release|Any CPU.ActiveCfg = Release|Any CPU
		{3E98E731-8EB5-41D6-8A22-C2FC900D4C77}.Release|Any CPU.Build.0 = Release|Any CPU
		{171F0380-69FC-45FD-8998-F32637C40F2B}.Debug|Any CPU.ActiveCfg = Debug|Any CPU
		{171F0380-69FC-45FD-8998-F32637C40F2B}.Debug|Any CPU.Build.0 = Debug|Any CPU
		{171F0380-69FC-45FD-8998-F32637C40F2B}.Release|Any CPU.ActiveCfg = Release|Any CPU
		{171F0380-69FC-45FD-8998-F32637C40F2B}.Release|Any CPU.Build.0 = Release|Any CPU
		{ABCC714B-D10C-404D-AE8A-0573D4DFD400}.Debug|Any CPU.ActiveCfg = Debug|Any CPU
		{ABCC714B-D10C-404D-AE8A-0573D4DFD400}.Debug|Any CPU.Build.0 = Debug|Any CPU
		{ABCC714B-D10C-404D-AE8A-0573D4DFD400}.Release|Any CPU.ActiveCfg = Release|Any CPU
		{ABCC714B-D10C-404D-AE8A-0573D4DFD400}.Release|Any CPU.Build.0 = Release|Any CPU
	EndGlobalSection
	GlobalSection(SolutionProperties) = preSolution
		HideSolutionNode = FALSE
	EndGlobalSection
	GlobalSection(ExtensibilityGlobals) = postSolution
		SolutionGuid = {A1D3BCFD-17F5-4D0C-8192-3EE2A53972B2}
	EndGlobalSection
EndGlobal
